{
    "_readme": [
        "This file locks the dependencies of your project to a known state",
        "Read more about it at https://getcomposer.org/doc/01-basic-usage.md#installing-dependencies",
        "This file is @generated automatically"
    ],
    "content-hash": "68e292b286334b19be6dd7e409bfd07e",
    "packages": [
        {
            "name": "fgct/nab_evm_3d_secure",
            "version": "v1.2.1",
            "source": {
                "type": "git",
                "url": "https://github.com/fgct/nab_evm_3d_secure.git",
                "reference": "b026b01e06b88ff1cbeb65162c14879625a0d297"
            },
            "dist": {
                "type": "zip",
                "url": "https://api.github.com/repos/fgct/nab_evm_3d_secure/zipball/b026b01e06b88ff1cbeb65162c14879625a0d297",
                "reference": "b026b01e06b88ff1cbeb65162c14879625a0d297",
                "shasum": ""
            },
            "require": {
                "php": ">=5.3.0"
            },
            "type": "library",
            "autoload": {
                "psr-4": {
                    "Fgc\\NabEvm3dSecure\\": "src/"
                }
            },
            "notification-url": "https://packagist.org/downloads/",
            "license": [
                "MIT"
            ],
            "authors": [
                {
                    "name": "khoazero123",
                    "email": "khoazero123@gmail.com"
                }
            ],
            "description": "EMV 3D secure package",
            "homepage": "https://github.com/Seldaek/monolog",
            "keywords": [
                "3d secure",
                "Nab EVM 3D secure",
                "nab"
            ],
            "support": {
                "issues": "https://github.com/fgct/nab_evm_3d_secure/issues",
                "source": "https://github.com/fgct/nab_evm_3d_secure/tree/v1.2.1"
            },
            "time": "2021-11-30T02:44:52+00:00"
        }
    ],
    "packages-dev": [],
    "aliases": [],
    "minimum-stability": "stable",
    "stability-flags": [],
    "prefer-stable": false,
    "prefer-lowest": false,
    "platform": [],
    "platform-dev": [],
    "plugin-api-version": "2.1.0"
}
